// !$*UTF8*$!
{
	archiveVersion = 1;
	classes = {
	};
	objectVersion = 56;
	objects = {

/* Begin PBXBuildFile section */
		5B46247D2AA8112D000F5DE0 /* TFBundle.docc in Sources */ = {isa = PBXBuildFile; fileRef = 5B46247C2AA8112D000F5DE0 /* TFBundle.docc */; };
		5B4624832AA8112E000F5DE0 /* TFBundle.framework in Frameworks */ = {isa = PBXBuildFile; fileRef = 5B4624782AA8112D000F5DE0 /* TFBundle.framework */; };
		5B4624892AA8112E000F5DE0 /* TFBundle.h in Headers */ = {isa = PBXBuildFile; fileRef = 5B46247B2AA8112D000F5DE0 /* TFBundle.h */; settings = {ATTRIBUTES = (Public, ); }; };
/* End PBXBuildFile section */

/* Begin PBXContainerItemProxy section */
		5B4624842AA8112E000F5DE0 /* PBXContainerItemProxy */ = {
			isa = PBXContainerItemProxy;
			containerPortal = 5B46246F2AA8112D000F5DE0 /* Project object */;
			proxyType = 1;
			remoteGlobalIDString = 5B4624772AA8112D000F5DE0;
			remoteInfo = TFBundle;
		};
		5B4624D82AA880DF000F5DE0 /* PBXContainerItemProxy */ = {
			isa = PBXContainerItemProxy;
			containerPortal = 5B4624D42AA880DF000F5DE0 /* TFBundleExample.xcodeproj */;
			proxyType = 2;
			remoteGlobalIDString = 5B4624B82AA880DE000F5DE0;
			remoteInfo = TFBundleExample;
		};
/* End PBXContainerItemProxy section */

/* Begin PBXFileReference section */
		5B4624782AA8112D000F5DE0 /* TFBundle.framework */ = {isa = PBXFileReference; explicitFileType = wrapper.framework; includeInIndex = 0; path = TFBundle.framework; sourceTree = BUILT_PRODUCTS_DIR; };
		5B46247B2AA8112D000F5DE0 /* TFBundle.h */ = {isa = PBXFileReference; lastKnownFileType = sourcecode.c.h; path = TFBundle.h; sourceTree = "<group>"; };
		5B46247C2AA8112D000F5DE0 /* TFBundle.docc */ = {isa = PBXFileReference; lastKnownFileType = folder.documentationcatalog; path = TFBundle.docc; sourceTree = "<group>"; };
		5B4624822AA8112E000F5DE0 /* TFBundleTests.xctest */ = {isa = PBXFileReference; explicitFileType = wrapper.cfbundle; includeInIndex = 0; path = TFBundleTests.xctest; sourceTree = BUILT_PRODUCTS_DIR; };
		5B4624D42AA880DF000F5DE0 /* TFBundleExample.xcodeproj */ = {isa = PBXFileReference; lastKnownFileType = "wrapper.pb-project"; name = TFBundleExample.xcodeproj; path = ../TFBundleExample/TFBundleExample.xcodeproj; sourceTree = "<group>"; };
/* End PBXFileReference section */

/* Begin PBXFrameworksBuildPhase section */
		5B4624752AA8112D000F5DE0 /* Frameworks */ = {
			isa = PBXFrameworksBuildPhase;
			buildActionMask = 2147483647;
			files = (
			);
			runOnlyForDeploymentPostprocessing = 0;
		};
		5B46247F2AA8112E000F5DE0 /* Frameworks */ = {
			isa = PBXFrameworksBuildPhase;
			buildActionMask = 2147483647;
			files = (
				5B4624832AA8112E000F5DE0 /* TFBundle.framework in Frameworks */,
			);
			runOnlyForDeploymentPostprocessing = 0;
		};
/* End PBXFrameworksBuildPhase section */

/* Begin PBXGroup section */
		5B46246E2AA8112D000F5DE0 = {
			isa = PBXGroup;
			children = (
				5B4624D42AA880DF000F5DE0 /* TFBundleExample.xcodeproj */,
				5B46247A2AA8112D000F5DE0 /* TFBundle */,
				5B4624792AA8112D000F5DE0 /* Products */,
			);
			sourceTree = "<group>";
		};
		5B4624792AA8112D000F5DE0 /* Products */ = {
			isa = PBXGroup;
			children = (
				5B4624782AA8112D000F5DE0 /* TFBundle.framework */,
				5B4624822AA8112E000F5DE0 /* TFBundleTests.xctest */,
			);
			name = Products;
			sourceTree = "<group>";
		};
		5B46247A2AA8112D000F5DE0 /* TFBundle */ = {
			isa = PBXGroup;
			children = (
				5B46247B2AA8112D000F5DE0 /* TFBundle.h */,
				5B46247C2AA8112D000F5DE0 /* TFBundle.docc */,
			);
			path = TFBundle;
			sourceTree = "<group>";
		};
		5B4624D52AA880DF000F5DE0 /* Products */ = {
			isa = PBXGroup;
			children = (
				5B4624D92AA880DF000F5DE0 /* TFBundleExample.app */,
			);
			name = Products;
			sourceTree = "<group>";
		};
/* End PBXGroup section */

/* Begin PBXHeadersBuildPhase section */
		5B4624732AA8112D000F5DE0 /* Headers */ = {
			isa = PBXHeadersBuildPhase;
			buildActionMask = 2147483647;
			files = (
				5B4624892AA8112E000F5DE0 /* TFBundle.h in Headers */,
			);
			runOnlyForDeploymentPostprocessing = 0;
		};
/* End PBXHeadersBuildPhase section */

/* Begin PBXNativeTarget section */
		5B4624772AA8112D000F5DE0 /* TFBundle */ = {
			isa = PBXNativeTarget;
			buildConfigurationList = 5B46248C2AA8112E000F5DE0 /* Build configuration list for PBXNativeTarget "TFBundle" */;
			buildPhases = (
				5B4624732AA8112D000F5DE0 /* Headers */,
				5B4624742AA8112D000F5DE0 /* Sources */,
				5B4624752AA8112D000F5DE0 /* Frameworks */,
				5B4624762AA8112D000F5DE0 /* Resources */,
			);
			buildRules = (
			);
			dependencies = (
			);
			name = TFBundle;
			productName = TFBundle;
			productReference = 5B4624782AA8112D000F5DE0 /* TFBundle.framework */;
			productType = "com.apple.product-type.framework";
		};
		5B4624812AA8112E000F5DE0 /* TFBundleTests */ = {
			isa = PBXNativeTarget;
			buildConfigurationList = 5B46248F2AA8112E000F5DE0 /* Build configuration list for PBXNativeTarget "TFBundleTests" */;
			buildPhases = (
				5B46247E2AA8112E000F5DE0 /* Sources */,
				5B46247F2AA8112E000F5DE0 /* Frameworks */,
				5B4624802AA8112E000F5DE0 /* Resources */,
			);
			buildRules = (
			);
			dependencies = (
				5B4624852AA8112E000F5DE0 /* PBXTargetDependency */,
			);
			name = TFBundleTests;
			productName = TFBundleTests;
			productReference = 5B4624822AA8112E000F5DE0 /* TFBundleTests.xctest */;
			productType = "com.apple.product-type.bundle.unit-test";
		};
/* End PBXNativeTarget section */

/* Begin PBXProject section */
		5B46246F2AA8112D000F5DE0 /* Project object */ = {
			isa = PBXProject;
			attributes = {
				BuildIndependentTargetsInParallel = 1;
				LastUpgradeCheck = 1430;
				TargetAttributes = {
					5B4624772AA8112D000F5DE0 = {
						CreatedOnToolsVersion = 14.3.1;
					};
					5B4624812AA8112E000F5DE0 = {
						CreatedOnToolsVersion = 14.3.1;
					};
				};
			};
			buildConfigurationList = 5B4624722AA8112D000F5DE0 /* Build configuration list for PBXProject "TFBundle" */;
			compatibilityVersion = "Xcode 14.0";
			developmentRegion = en;
			hasScannedForEncodings = 0;
			knownRegions = (
				en,
				Base,
			);
			mainGroup = 5B46246E2AA8112D000F5DE0;
			productRefGroup = 5B4624792AA8112D000F5DE0 /* Products */;
			projectDirPath = "";
			projectReferences = (
				{
					ProductGroup = 5B4624D52AA880DF000F5DE0 /* Products */;
					ProjectRef = 5B4624D42AA880DF000F5DE0 /* TFBundleExample.xcodeproj */;
				},
			);
			projectRoot = "";
			targets = (
				5B4624772AA8112D000F5DE0 /* TFBundle */,
				5B4624812AA8112E000F5DE0 /* TFBundleTests */,
			);
		};
/* End PBXProject section */

/* Begin PBXReferenceProxy section */
		5B4624D92AA880DF000F5DE0 /* TFBundleExample.app */ = {
			isa = PBXReferenceProxy;
			fileType = wrapper.application;
			path = TFBundleExample.app;
			remoteRef = 5B4624D82AA880DF000F5DE0 /* PBXContainerItemProxy */;
			sourceTree = BUILT_PRODUCTS_DIR;
		};
/* End PBXReferenceProxy section */

/* Begin PBXResourcesBuildPhase section */
		5B4624762AA8112D000F5DE0 /* Resources */ = {
			isa = PBXResourcesBuildPhase;
			buildActionMask = 2147483647;
			files = (
			);
			runOnlyForDeploymentPostprocessing = 0;
		};
		5B4624802AA8112E000F5DE0 /* Resources */ = {
			isa = PBXResourcesBuildPhase;
			buildActionMask = 2147483647;
			files = (
			);
			runOnlyForDeploymentPostprocessing = 0;
		};
/* End PBXResourcesBuildPhase section */

/* Begin PBXSourcesBuildPhase section */
		5B4624742AA8112D000F5DE0 /* Sources */ = {
			isa = PBXSourcesBuildPhase;
			buildActionMask = 2147483647;
			files = (
				5B46247D2AA8112D000F5DE0 /* TFBundle.docc in Sources */,
			);
			runOnlyForDeploymentPostprocessing = 0;
		};
		5B46247E2AA8112E000F5DE0 /* Sources */ = {
			isa = PBXSourcesBuildPhase;
			buildActionMask = 2147483647;
			files = (
			);
			runOnlyForDeploymentPostprocessing = 0;
		};
/* End PBXSourcesBuildPhase section */

/* Begin PBXTargetDependency section */
		5B4624852AA8112E000F5DE0 /* PBXTargetDependency */ = {
			isa = PBXTargetDependency;
			target = 5B4624772AA8112D000F5DE0 /* TFBundle */;
			targetProxy = 5B4624842AA8112E000F5DE0 /* PBXContainerItemProxy */;
		};
/* End PBXTargetDependency section */

/* Begin XCBuildConfiguration section */
		5B46248A2AA8112E000F5DE0 /* Debug */ = {
			isa = XCBuildConfiguration;
			buildSettings = {
				ALWAYS_SEARCH_USER_PATHS = NO;
				CLANG_ANALYZER_NONNULL = YES;
				CLANG_ANALYZER_NUMBER_OBJECT_CONVERSION = YES_AGGRESSIVE;
				CLANG_CXX_LANGUAGE_STANDARD = "gnu++20";
				CLANG_ENABLE_MODULES = YES;
				CLANG_ENABLE_OBJC_ARC = YES;
				CLANG_ENABLE_OBJC_WEAK = YES;
				CLANG_WARN_BLOCK_CAPTURE_AUTORELEASING = YES;
				CLANG_WARN_BOOL_CONVERSION = YES;
				CLANG_WARN_COMMA = YES;
				CLANG_WARN_CONSTANT_CONVERSION = YES;
				CLANG_WARN_DEPRECATED_OBJC_IMPLEMENTATIONS = YES;
				CLANG_WARN_DIRECT_OBJC_ISA_USAGE = YES_ERROR;
				CLANG_WARN_DOCUMENTATION_COMMENTS = YES;
				CLANG_WARN_EMPTY_BODY = YES;
				CLANG_WARN_ENUM_CONVERSION = YES;
				CLANG_WARN_INFINITE_RECURSION = YES;
				CLANG_WARN_INT_CONVERSION = YES;
				CLANG_WARN_NON_LITERAL_NULL_CONVERSION = YES;
				CLANG_WARN_OBJC_IMPLICIT_RETAIN_SELF = YES;
				CLANG_WARN_OBJC_LITERAL_CONVERSION = YES;
				CLANG_WARN_OBJC_ROOT_CLASS = YES_ERROR;
				CLANG_WARN_QUOTED_INCLUDE_IN_FRAMEWORK_HEADER = YES;
				CLANG_WARN_RANGE_LOOP_ANALYSIS = YES;
				CLANG_WARN_STRICT_PROTOTYPES = YES;
				CLANG_WARN_SUSPICIOUS_MOVE = YES;
				CLANG_WARN_UNGUARDED_AVAILABILITY = YES_AGGRESSIVE;
				CLANG_WARN_UNREACHABLE_CODE = YES;
				CLANG_WARN__DUPLICATE_METHOD_MATCH = YES;
				COPY_PHASE_STRIP = NO;
				CURRENT_PROJECT_VERSION = 1;
				DEBUG_INFORMATION_FORMAT = dwarf;
				ENABLE_STRICT_OBJC_MSGSEND = YES;
				ENABLE_TESTABILITY = YES;
				GCC_C_LANGUAGE_STANDARD = gnu11;
				GCC_DYNAMIC_NO_PIC = NO;
				GCC_NO_COMMON_BLOCKS = YES;
				GCC_OPTIMIZATION_LEVEL = 0;
				GCC_PREPROCESSOR_DEFINITIONS = (
					"DEBUG=1",
					"$(inherited)",
				);
				GCC_WARN_64_TO_32_BIT_CONVERSION = YES;
				GCC_WARN_ABOUT_RETURN_TYPE = YES_ERROR;
				GCC_WARN_UNDECLARED_SELECTOR = YES;
				GCC_WARN_UNINITIALIZED_AUTOS = YES_AGGRESSIVE;
				GCC_WARN_UNUSED_FUNCTION = YES;
				GCC_WARN_UNUSED_VARIABLE = YES;
				IPHONEOS_DEPLOYMENT_TARGET = 16.4;
				MTL_ENABLE_DEBUG_INFO = INCLUDE_SOURCE;
				MTL_FAST_MATH = YES;
				ONLY_ACTIVE_ARCH = YES;
				SDKROOT = iphoneos;
				VERSIONING_SYSTEM = "apple-generic";
				VERSION_INFO_PREFIX = "";
			};
			name = Debug;
		};
		5B46248B2AA8112E000F5DE0 /* Release */ = {
			isa = XCBuildConfiguration;
			buildSettings = {
				ALWAYS_SEARCH_USER_PATHS = NO;
				CLANG_ANALYZER_NONNULL = YES;
				CLANG_ANALYZER_NUMBER_OBJECT_CONVERSION = YES_AGGRESSIVE;
				CLANG_CXX_LANGUAGE_STANDARD = "gnu++20";
				CLANG_ENABLE_MODULES = YES;
				CLANG_ENABLE_OBJC_ARC = YES;
				CLANG_ENABLE_OBJC_WEAK = YES;
				CLANG_WARN_BLOCK_CAPTURE_AUTORELEASING = YES;
				CLANG_WARN_BOOL_CONVERSION = YES;
				CLANG_WARN_COMMA = YES;
				CLANG_WARN_CONSTANT_CONVERSION = YES;
				CLANG_WARN_DEPRECATED_OBJC_IMPLEMENTATIONS = YES;
				CLANG_WARN_DIRECT_OBJC_ISA_USAGE = YES_ERROR;
				CLANG_WARN_DOCUMENTATION_COMMENTS = YES;
				CLANG_WARN_EMPTY_BODY = YES;
				CLANG_WARN_ENUM_CONVERSION = YES;
				CLANG_WARN_INFINITE_RECURSION = YES;
				CLANG_WARN_INT_CONVERSION = YES;
				CLANG_WARN_NON_LITERAL_NULL_CONVERSION = YES;
				CLANG_WARN_OBJC_IMPLICIT_RETAIN_SELF = YES;
				CLANG_WARN_OBJC_LITERAL_CONVERSION = YES;
				CLANG_WARN_OBJC_ROOT_CLASS = YES_ERROR;
				CLANG_WARN_QUOTED_INCLUDE_IN_FRAMEWORK_HEADER = YES;
				CLANG_WARN_RANGE_LOOP_ANALYSIS = YES;
				CLANG_WARN_STRICT_PROTOTYPES = YES;
				CLANG_WARN_SUSPICIOUS_MOVE = YES;
				CLANG_WARN_UNGUARDED_AVAILABILITY = YES_AGGRESSIVE;
				CLANG_WARN_UNREACHABLE_CODE = YES;
				CLANG_WARN__DUPLICATE_METHOD_MATCH = YES;
				COPY_PHASE_STRIP = NO;
				CURRENT_PROJECT_VERSION = 1;
				DEBUG_INFORMATION_FORMAT = "dwarf-with-dsym";
				ENABLE_NS_ASSERTIONS = NO;
				ENABLE_STRICT_OBJC_MSGSEND = YES;
				GCC_C_LANGUAGE_STANDARD = gnu11;
				GCC_NO_COMMON_BLOCKS = YES;
				GCC_WARN_64_TO_32_BIT_CONVERSION = YES;
				GCC_WARN_ABOUT_RETURN_TYPE = YES_ERROR;
				GCC_WARN_UNDECLARED_SELECTOR = YES;
				GCC_WARN_UNINITIALIZED_AUTOS = YES_AGGRESSIVE;
				GCC_WARN_UNUSED_FUNCTION = YES;
				GCC_WARN_UNUSED_VARIABLE = YES;
				IPHONEOS_DEPLOYMENT_TARGET = 16.4;
				MTL_ENABLE_DEBUG_INFO = NO;
				MTL_FAST_MATH = YES;
				SDKROOT = iphoneos;
				VALIDATE_PRODUCT = YES;
				VERSIONING_SYSTEM = "apple-generic";
				VERSION_INFO_PREFIX = "";
			};
			name = Release;
		};
		5B46248D2AA8112E000F5DE0 /* Debug */ = {
			isa = XCBuildConfiguration;
			buildSettings = {
				CODE_SIGN_STYLE = Automatic;
				CURRENT_PROJECT_VERSION = 1;
				DEFINES_MODULE = YES;
				DEVELOPMENT_TEAM = EX35W9FV7C;
				DYLIB_COMPATIBILITY_VERSION = 1;
				DYLIB_CURRENT_VERSION = 1;
				DYLIB_INSTALL_NAME_BASE = "@rpath";
				ENABLE_MODULE_VERIFIER = YES;
				GENERATE_INFOPLIST_FILE = YES;
				INFOPLIST_KEY_NSHumanReadableCopyright = "";
				INSTALL_PATH = "$(LOCAL_LIBRARY_DIR)/Frameworks";
				LD_RUNPATH_SEARCH_PATHS = (
					"$(inherited)",
					"@executable_path/Frameworks",
					"@loader_path/Frameworks",
				);
				MARKETING_VERSION = 1.0;
				MODULE_VERIFIER_SUPPORTED_LANGUAGES = "objective-c objective-c++";
				MODULE_VERIFIER_SUPPORTED_LANGUAGE_STANDARDS = "gnu11 gnu++20";
				PRODUCT_BUNDLE_IDENTIFIER = com.larry.TFBundle;
				PRODUCT_NAME = "$(TARGET_NAME:c99extidentifier)";
				SKIP_INSTALL = YES;
				SWIFT_EMIT_LOC_STRINGS = YES;
				TARGETED_DEVICE_FAMILY = "1,2";
			};
			name = Debug;
		};
		5B46248E2AA8112E000F5DE0 /* Release */ = {
			isa = XCBuildConfiguration;
			buildSettings = {
				CODE_SIGN_STYLE = Automatic;
				CURRENT_PROJECT_VERSION = 1;
				DEFINES_MODULE = YES;
				DEVELOPMENT_TEAM = EX35W9FV7C;
				DYLIB_COMPATIBILITY_VERSION = 1;
				DYLIB_CURRENT_VERSION = 1;
				DYLIB_INSTALL_NAME_BASE = "@rpath";
				ENABLE_MODULE_VERIFIER = YES;
				GENERATE_INFOPLIST_FILE = YES;
				INFOPLIST_KEY_NSHumanReadableCopyright = "";
				INSTALL_PATH = "$(LOCAL_LIBRARY_DIR)/Frameworks";
				LD_RUNPATH_SEARCH_PATHS = (
					"$(inherited)",
					"@executable_path/Frameworks",
					"@loader_path/Frameworks",
				);
				MARKETING_VERSION = 1.0;
				MODULE_VERIFIER_SUPPORTED_LANGUAGES = "objective-c objective-c++";
				MODULE_VERIFIER_SUPPORTED_LANGUAGE_STANDARDS = "gnu11 gnu++20";
				PRODUCT_BUNDLE_IDENTIFIER = com.larry.TFBundle;
				PRODUCT_NAME = "$(TARGET_NAME:c99extidentifier)";
				SKIP_INSTALL = YES;
				SWIFT_EMIT_LOC_STRINGS = YES;
				TARGETED_DEVICE_FAMILY = "1,2";
			};
			name = Release;
		};
		5B4624902AA8112E000F5DE0 /* Debug */ = {
			isa = XCBuildConfiguration;
			buildSettings = {
				CODE_SIGN_STYLE = Automatic;
				CURRENT_PROJECT_VERSION = 1;
				DEVELOPMENT_TEAM = EX35W9FV7C;
				GENERATE_INFOPLIST_FILE = YES;
				MARKETING_VERSION = 1.0;
				PRODUCT_BUNDLE_IDENTIFIER = com.larry.TFBundleTests;
				PRODUCT_NAME = "$(TARGET_NAME)";
				SWIFT_EMIT_LOC_STRINGS = NO;
				TARGETED_DEVICE_FAMILY = "1,2";
			};
			name = Debug;
		};
		5B4624912AA8112E000F5DE0 /* Release */ = {
			isa = XCBuildConfiguration;
			buildSettings = {
				CODE_SIGN_STYLE = Automatic;
				CURRENT_PROJECT_VERSION = 1;
				DEVELOPMENT_TEAM = EX35W9FV7C;
				GENERATE_INFOPLIST_FILE = YES;
				MARKETING_VERSION = 1.0;
				PRODUCT_BUNDLE_IDENTIFIER = com.larry.TFBundleTests;
				PRODUCT_NAME = "$(TARGET_NAME)";
				SWIFT_EMIT_LOC_STRINGS = NO;
				TARGETED_DEVICE_FAMILY = "1,2";
			};
			name = Release;
		};
/* End XCBuildConfiguration section */

/* Begin XCConfigurationList section */
		5B4624722AA8112D000F5DE0 /* Build configuration list for PBXProject "TFBundle" */ = {
			isa = XCConfigurationList;
			buildConfigurations = (
				5B46248A2AA8112E000F5DE0 /* Debug */,
				5B46248B2AA8112E000F5DE0 /* Release */,
			);
			defaultConfigurationIsVisible = 0;
			defaultConfigurationName = Release;
		};
		5B46248C2AA8112E000F5DE0 /* Build configuration list for PBXNativeTarget "TFBundle" */ = {
			isa = XCConfigurationList;
			buildConfigurations = (
				5B46248D2AA8112E000F5DE0 /* Debug */,
				5B46248E2AA8112E000F5DE0 /* Release */,
			);
			defaultConfigurationIsVisible = 0;
			defaultConfigurationName = Release;
		};
		5B46248F2AA8112E000F5DE0 /* Build configuration list for PBXNativeTarget "TFBundleTests" */ = {
			isa = XCConfigurationList;
			buildConfigurations = (
				5B4624902AA8112E000F5DE0 /* Debug */,
				5B4624912AA8112E000F5DE0 /* Release */,
			);
			defaultConfigurationIsVisible = 0;
			defaultConfigurationName = Release;
		};
/* End XCConfigurationList section */
	};
	rootObject = 5B46246F2AA8112D000F5DE0 /* Project object */;
}
